
Microsoft Visual Studio Solution File, Format Version 12.00
# Visual Studio Version 17
VisualStudioVersion = 17.12.35707.178 d17.12
MinimumVisualStudioVersion = 10.0.40219.1
Project("{FAE04EC0-301F-11D3-BF4B-00C04F79EFBC}") = "QuanLySinhVien", "QuanLySinhVien\QuanLySinhVien.csproj", "{0C28E615-F1CA-45A6-AB1A-0AC3781F935E}"
EndProject
Project("{FAE04EC0-301F-11D3-BF4B-00C04F79EFBC}") = "DTO", "DTO\DTO.csproj", "{ED87A851-3788-413B-97ED-6A6D2D7EB187}"
EndProject
Project("{FAE04EC0-301F-11D3-BF4B-00C04F79EFBC}") = "BUS", "BUS\BUS.csproj", "{79F04A0E-CBDC-4990-8BE7-82AEE16D9538}"
EndProject
Project("{FAE04EC0-301F-11D3-BF4B-00C04F79EFBC}") = "DAL", "DAL\DAL.csproj", "{868F54E1-A86B-400B-B3A7-086934B024FA}"
EndProject
Global
	GlobalSection(SolutionConfigurationPlatforms) = preSolution
		Debug|Any CPU = Debug|Any CPU
		Release|Any CPU = Release|Any CPU
	EndGlobalSection
	GlobalSection(ProjectConfigurationPlatforms) = postSolution
		{0C28E615-F1CA-45A6-AB1A-0AC3781F935E}.Debug|Any CPU.ActiveCfg = Debug|Any CPU
		{0C28E615-F1CA-45A6-AB1A-0AC3781F935E}.Debug|Any CPU.Build.0 = Debug|Any CPU
		{0C28E615-F1CA-45A6-AB1A-0AC3781F935E}.Release|Any CPU.ActiveCfg = Release|Any CPU
		{0C28E615-F1CA-45A6-AB1A-0AC3781F935E}.Release|Any CPU.Build.0 = Release|Any CPU
		{ED87A851-3788-413B-97ED-6A6D2D7EB187}.Debug|Any CPU.ActiveCfg = Debug|Any CPU
		{ED87A851-3788-413B-97ED-6A6D2D7EB187}.Debug|Any CPU.Build.0 = Debug|Any CPU
		{ED87A851-3788-413B-97ED-6A6D2D7EB187}.Release|Any CPU.ActiveCfg = Release|Any CPU
		{ED87A851-3788-413B-97ED-6A6D2D7EB187}.Release|Any CPU.Build.0 = Release|Any CPU
		{79F04A0E-CBDC-4990-8BE7-82AEE16D9538}.Debug|Any CPU.ActiveCfg = Debug|Any CPU
		{79F04A0E-CBDC-4990-8BE7-82AEE16D9538}.Debug|Any CPU.Build.0 = Debug|Any CPU
		{79F04A0E-CBDC-4990-8BE7-82AEE16D9538}.Release|Any CPU.ActiveCfg = Release|Any CPU
		{79F04A0E-CBDC-4990-8BE7-82AEE16D9538}.Release|Any CPU.Build.0 = Release|Any CPU
		{868F54E1-A86B-400B-B3A7-086934B024FA}.Debug|Any CPU.ActiveCfg = Debug|Any CPU
		{868F54E1-A86B-400B-B3A7-086934B024FA}.Debug|Any CPU.Build.0 = Debug|Any CPU
		{868F54E1-A86B-400B-B3A7-086934B024FA}.Release|Any CPU.ActiveCfg = Release|Any CPU
		{868F54E1-A86B-400B-B3A7-086934B024FA}.Release|Any CPU.Build.0 = Release|Any CPU
	EndGlobalSection
	GlobalSection(SolutionProperties) = preSolution
		HideSolutionNode = FALSE
	EndGlobalSection
EndGlobal
